
Microsoft Visual Studio Solution File, Format Version 12.00
Project("{FAE04EC0-301F-11D3-BF4B-00C04F79EFBC}") = "BlazorTailwind", "BlazorTailwind\BlazorTailwind.csproj", "{004DC3F2-6C14-4CFE-A959-89B0F1F42609}"
EndProject
Global
	GlobalSection(SolutionConfigurationPlatforms) = preSolution
		Debug|Any CPU = Debug|Any CPU
		Release|Any CPU = Release|Any CPU
	EndGlobalSection
	GlobalSection(ProjectConfigurationPlatforms) = postSolution
		{004DC3F2-6C14-4CFE-A959-89B0F1F42609}.Debug|Any CPU.ActiveCfg = Debug|Any CPU
		{004DC3F2-6C14-4CFE-A959-89B0F1F42609}.Debug|Any CPU.Build.0 = Debug|Any CPU
		{004DC3F2-6C14-4CFE-A959-89B0F1F42609}.Release|Any CPU.ActiveCfg = Release|Any CPU
		{004DC3F2-6C14-4CFE-A959-89B0F1F42609}.Release|Any CPU.Build.0 = Release|Any CPU
	EndGlobalSection
EndGlobal
